
Microsoft Visual Studio Solution File, Format Version 12.00
# Visual Studio Version 16
VisualStudioVersion = 16.0.29503.13
MinimumVisualStudioVersion = 10.0.40219.1
Project("{FAE04EC0-301F-11D3-BF4B-00C04F79EFBC}") = "LibYuvSharp", "LibYuvSharp\LibYuvSharp.csproj", "{6AB06A5D-9C99-47B6-8668-42DFA362172C}"
EndProject
Project("{FAE04EC0-301F-11D3-BF4B-00C04F79EFBC}") = "LibYuvSharp.Tests", "LibYuvSharp.Test\LibYuvSharp.Tests.csproj", "{7A79F239-1A45-4EFC-995B-2F5640E24B91}"
EndProject
Global
	GlobalSection(SolutionConfigurationPlatforms) = preSolution
		Debug|Any CPU = Debug|Any CPU
		Release|Any CPU = Release|Any CPU
	EndGlobalSection
	GlobalSection(ProjectConfigurationPlatforms) = postSolution
		{6AB06A5D-9C99-47B6-8668-42DFA362172C}.Debug|Any CPU.ActiveCfg = Debug|Any CPU
		{6AB06A5D-9C99-47B6-8668-42DFA362172C}.Debug|Any CPU.Build.0 = Debug|Any CPU
		{6AB06A5D-9C99-47B6-8668-42DFA362172C}.Release|Any CPU.ActiveCfg = Release|Any CPU
		{6AB06A5D-9C99-47B6-8668-42DFA362172C}.Release|Any CPU.Build.0 = Release|Any CPU
		{7A79F239-1A45-4EFC-995B-2F5640E24B91}.Debug|Any CPU.ActiveCfg = Debug|Any CPU
		{7A79F239-1A45-4EFC-995B-2F5640E24B91}.Debug|Any CPU.Build.0 = Debug|Any CPU
		{7A79F239-1A45-4EFC-995B-2F5640E24B91}.Release|Any CPU.ActiveCfg = Release|Any CPU
		{7A79F239-1A45-4EFC-995B-2F5640E24B91}.Release|Any CPU.Build.0 = Release|Any CPU
	EndGlobalSection
	GlobalSection(SolutionProperties) = preSolution
		HideSolutionNode = FALSE
	EndGlobalSection
	GlobalSection(ExtensibilityGlobals) = postSolution
		SolutionGuid = {14567E3E-F150-4BA9-ADCB-61AE171A7611}
	EndGlobalSection
EndGlobal
